
Microsoft Visual Studio Solution File, Format Version 12.00
# Visual Studio Version 16
VisualStudioVersion = 16.0.30803.129
MinimumVisualStudioVersion = 10.0.40219.1
Project("{2150E333-8FDC-42A3-9474-1A3956D46DE8}") = "libs", "libs", "{32BAAD37-DF4A-4703-A24C-FD7A4ABF59DD}"
EndProject
Project("{9A19103F-16F7-4668-BE54-9A1E7A4F7556}") = "HB.FullStack.Mobile", "..\HB.FullStack\src\HB.FullStack.Mobile\HB.FullStack.Mobile.csproj", "{49CFF4B1-703F-48E9-9D74-08F3C0A3E3E2}"
EndProject
Project("{FAE04EC0-301F-11D3-BF4B-00C04F79EFBC}") = "HB.FullStack.Mobile.Droid", "..\HB.FullStack\src\HB.FullStack.Mobile.Droid\HB.FullStack.Mobile.Droid.csproj", "{BBFD4EB1-2F82-4FC2-BB5C-00364A399422}"
EndProject
Project("{FAE04EC0-301F-11D3-BF4B-00C04F79EFBC}") = "HB.FullStack.Mobile.iOS", "..\HB.FullStack\src\HB.FullStack.Mobile.iOS\HB.FullStack.Mobile.iOS.csproj", "{9E73E256-CD6B-44D4-B076-CBD5586BBB87}"
EndProject
Project("{FAE04EC0-301F-11D3-BF4B-00C04F79EFBC}") = "Demo.Android", "Demo\Demo.Android\Demo.Android.csproj", "{BA92F2CD-8A64-4C0E-8BC3-E15290794F34}"
EndProject
Project("{FAE04EC0-301F-11D3-BF4B-00C04F79EFBC}") = "Demo.iOS", "Demo\Demo.iOS\Demo.iOS.csproj", "{1D46C2C2-6972-4CB2-903B-66F9A9952315}"
EndProject
Project("{FAE04EC0-301F-11D3-BF4B-00C04F79EFBC}") = "Demo", "Demo\Demo\Demo.csproj", "{5E811EBC-C5D8-4513-BC27-F15F3BBC8A10}"
EndProject
Project("{2150E333-8FDC-42A3-9474-1A3956D46DE8}") = "alib", "alib", "{74889606-E9C6-4D4E-894B-DD40AC5FB088}"
EndProject
Project("{9A19103F-16F7-4668-BE54-9A1E7A4F7556}") = "HB.FullStack.Common", "..\HB.FullStack\src\HB.FullStack.Common\HB.FullStack.Common.csproj", "{7C7174D8-9639-479F-84A7-104BCF8B2871}"
EndProject
Project("{9A19103F-16F7-4668-BE54-9A1E7A4F7556}") = "HB.FullStack.Database.ClientExtension", "..\HB.FullStack\src\HB.FullStack.Database.ClientExtension\HB.FullStack.Database.ClientExtension.csproj", "{150F0643-A4F3-4150-9CB6-93C7512BFB1D}"
EndProject
Project("{9A19103F-16F7-4668-BE54-9A1E7A4F7556}") = "HB.Infrastructure.SQLite", "..\HB.FullStack\src\HB.Infrastructure.SQLite\HB.Infrastructure.SQLite.csproj", "{A4E11795-B56B-453B-B1A4-2A1723229471}"
EndProject
Project("{9A19103F-16F7-4668-BE54-9A1E7A4F7556}") = "HB.Infrastructure.IdGen", "..\HB.FullStack\src\HB.Infrastructure.IdGen\HB.Infrastructure.IdGen.csproj", "{F8178B2B-A916-467E-8355-F5A0358BA23A}"
EndProject
Global
	GlobalSection(SolutionConfigurationPlatforms) = preSolution
		Debug|Any CPU = Debug|Any CPU
		Debug|iPhone = Debug|iPhone
		Debug|iPhoneSimulator = Debug|iPhoneSimulator
		Release|Any CPU = Release|Any CPU
		Release|iPhone = Release|iPhone
		Release|iPhoneSimulator = Release|iPhoneSimulator
	EndGlobalSection
	GlobalSection(ProjectConfigurationPlatforms) = postSolution
		{49CFF4B1-703F-48E9-9D74-08F3C0A3E3E2}.Debug|Any CPU.ActiveCfg = Debug|Any CPU
		{49CFF4B1-703F-48E9-9D74-08F3C0A3E3E2}.Debug|Any CPU.Build.0 = Debug|Any CPU
		{49CFF4B1-703F-48E9-9D74-08F3C0A3E3E2}.Debug|iPhone.ActiveCfg = Debug|Any CPU
		{49CFF4B1-703F-48E9-9D74-08F3C0A3E3E2}.Debug|iPhone.Build.0 = Debug|Any CPU
		{49CFF4B1-703F-48E9-9D74-08F3C0A3E3E2}.Debug|iPhoneSimulator.ActiveCfg = Debug|Any CPU
		{49CFF4B1-703F-48E9-9D74-08F3C0A3E3E2}.Debug|iPhoneSimulator.Build.0 = Debug|Any CPU
		{49CFF4B1-703F-48E9-9D74-08F3C0A3E3E2}.Release|Any CPU.ActiveCfg = Release|Any CPU
		{49CFF4B1-703F-48E9-9D74-08F3C0A3E3E2}.Release|Any CPU.Build.0 = Release|Any CPU
		{49CFF4B1-703F-48E9-9D74-08F3C0A3E3E2}.Release|iPhone.ActiveCfg = Release|Any CPU
		{49CFF4B1-703F-48E9-9D74-08F3C0A3E3E2}.Release|iPhone.Build.0 = Release|Any CPU
		{49CFF4B1-703F-48E9-9D74-08F3C0A3E3E2}.Release|iPhoneSimulator.ActiveCfg = Release|Any CPU
		{49CFF4B1-703F-48E9-9D74-08F3C0A3E3E2}.Release|iPhoneSimulator.Build.0 = Release|Any CPU
		{BBFD4EB1-2F82-4FC2-BB5C-00364A399422}.Debug|Any CPU.ActiveCfg = Debug|Any CPU
		{BBFD4EB1-2F82-4FC2-BB5C-00364A399422}.Debug|Any CPU.Build.0 = Debug|Any CPU
		{BBFD4EB1-2F82-4FC2-BB5C-00364A399422}.Debug|iPhone.ActiveCfg = Debug|Any CPU
		{BBFD4EB1-2F82-4FC2-BB5C-00364A399422}.Debug|iPhone.Build.0 = Debug|Any CPU
		{BBFD4EB1-2F82-4FC2-BB5C-00364A399422}.Debug|iPhoneSimulator.ActiveCfg = Debug|Any CPU
		{BBFD4EB1-2F82-4FC2-BB5C-00364A399422}.Debug|iPhoneSimulator.Build.0 = Debug|Any CPU
		{BBFD4EB1-2F82-4FC2-BB5C-00364A399422}.Release|Any CPU.ActiveCfg = Release|Any CPU
		{BBFD4EB1-2F82-4FC2-BB5C-00364A399422}.Release|Any CPU.Build.0 = Release|Any CPU
		{BBFD4EB1-2F82-4FC2-BB5C-00364A399422}.Release|iPhone.ActiveCfg = Release|Any CPU
		{BBFD4EB1-2F82-4FC2-BB5C-00364A399422}.Release|iPhone.Build.0 = Release|Any CPU
		{BBFD4EB1-2F82-4FC2-BB5C-00364A399422}.Release|iPhoneSimulator.ActiveCfg = Release|Any CPU
		{BBFD4EB1-2F82-4FC2-BB5C-00364A399422}.Release|iPhoneSimulator.Build.0 = Release|Any CPU
		{9E73E256-CD6B-44D4-B076-CBD5586BBB87}.Debug|Any CPU.ActiveCfg = Debug|Any CPU
		{9E73E256-CD6B-44D4-B076-CBD5586BBB87}.Debug|Any CPU.Build.0 = Debug|Any CPU
		{9E73E256-CD6B-44D4-B076-CBD5586BBB87}.Debug|iPhone.ActiveCfg = Debug|Any CPU
		{9E73E256-CD6B-44D4-B076-CBD5586BBB87}.Debug|iPhone.Build.0 = Debug|Any CPU
		{9E73E256-CD6B-44D4-B076-CBD5586BBB87}.Debug|iPhoneSimulator.ActiveCfg = Debug|Any CPU
		{9E73E256-CD6B-44D4-B076-CBD5586BBB87}.Debug|iPhoneSimulator.Build.0 = Debug|Any CPU
		{9E73E256-CD6B-44D4-B076-CBD5586BBB87}.Release|Any CPU.ActiveCfg = Release|Any CPU
		{9E73E256-CD6B-44D4-B076-CBD5586BBB87}.Release|Any CPU.Build.0 = Release|Any CPU
		{9E73E256-CD6B-44D4-B076-CBD5586BBB87}.Release|iPhone.ActiveCfg = Release|Any CPU
		{9E73E256-CD6B-44D4-B076-CBD5586BBB87}.Release|iPhone.Build.0 = Release|Any CPU
		{9E73E256-CD6B-44D4-B076-CBD5586BBB87}.Release|iPhoneSimulator.ActiveCfg = Release|Any CPU
		{9E73E256-CD6B-44D4-B076-CBD5586BBB87}.Release|iPhoneSimulator.Build.0 = Release|Any CPU
		{BA92F2CD-8A64-4C0E-8BC3-E15290794F34}.Debug|Any CPU.ActiveCfg = Debug|Any CPU
		{BA92F2CD-8A64-4C0E-8BC3-E15290794F34}.Debug|Any CPU.Build.0 = Debug|Any CPU
		{BA92F2CD-8A64-4C0E-8BC3-E15290794F34}.Debug|Any CPU.Deploy.0 = Debug|Any CPU
		{BA92F2CD-8A64-4C0E-8BC3-E15290794F34}.Debug|iPhone.ActiveCfg = Debug|Any CPU
		{BA92F2CD-8A64-4C0E-8BC3-E15290794F34}.Debug|iPhone.Build.0 = Debug|Any CPU
		{BA92F2CD-8A64-4C0E-8BC3-E15290794F34}.Debug|iPhone.Deploy.0 = Debug|Any CPU
		{BA92F2CD-8A64-4C0E-8BC3-E15290794F34}.Debug|iPhoneSimulator.ActiveCfg = Debug|Any CPU
		{BA92F2CD-8A64-4C0E-8BC3-E15290794F34}.Debug|iPhoneSimulator.Build.0 = Debug|Any CPU
		{BA92F2CD-8A64-4C0E-8BC3-E15290794F34}.Debug|iPhoneSimulator.Deploy.0 = Debug|Any CPU
		{BA92F2CD-8A64-4C0E-8BC3-E15290794F34}.Release|Any CPU.ActiveCfg = Release|Any CPU
		{BA92F2CD-8A64-4C0E-8BC3-E15290794F34}.Release|Any CPU.Build.0 = Release|Any CPU
		{BA92F2CD-8A64-4C0E-8BC3-E15290794F34}.Release|Any CPU.Deploy.0 = Release|Any CPU
		{BA92F2CD-8A64-4C0E-8BC3-E15290794F34}.Release|iPhone.ActiveCfg = Release|Any CPU
		{BA92F2CD-8A64-4C0E-8BC3-E15290794F34}.Release|iPhone.Build.0 = Release|Any CPU
		{BA92F2CD-8A64-4C0E-8BC3-E15290794F34}.Release|iPhone.Deploy.0 = Release|Any CPU
		{BA92F2CD-8A64-4C0E-8BC3-E15290794F34}.Release|iPhoneSimulator.ActiveCfg = Release|Any CPU
		{BA92F2CD-8A64-4C0E-8BC3-E15290794F34}.Release|iPhoneSimulator.Build.0 = Release|Any CPU
		{BA92F2CD-8A64-4C0E-8BC3-E15290794F34}.Release|iPhoneSimulator.Deploy.0 = Release|Any CPU
		{1D46C2C2-6972-4CB2-903B-66F9A9952315}.Debug|Any CPU.ActiveCfg = Debug|iPhoneSimulator
		{1D46C2C2-6972-4CB2-903B-66F9A9952315}.Debug|iPhone.ActiveCfg = Debug|iPhone
		{1D46C2C2-6972-4CB2-903B-66F9A9952315}.Debug|iPhone.Build.0 = Debug|iPhone
		{1D46C2C2-6972-4CB2-903B-66F9A9952315}.Debug|iPhoneSimulator.ActiveCfg = Debug|iPhoneSimulator
		{1D46C2C2-6972-4CB2-903B-66F9A9952315}.Debug|iPhoneSimulator.Build.0 = Debug|iPhoneSimulator
		{1D46C2C2-6972-4CB2-903B-66F9A9952315}.Release|Any CPU.ActiveCfg = Release|iPhoneSimulator
		{1D46C2C2-6972-4CB2-903B-66F9A9952315}.Release|iPhone.ActiveCfg = Release|iPhone
		{1D46C2C2-6972-4CB2-903B-66F9A9952315}.Release|iPhone.Build.0 = Release|iPhone
		{1D46C2C2-6972-4CB2-903B-66F9A9952315}.Release|iPhoneSimulator.ActiveCfg = Release|iPhoneSimulator
		{1D46C2C2-6972-4CB2-903B-66F9A9952315}.Release|iPhoneSimulator.Build.0 = Release|iPhoneSimulator
		{5E811EBC-C5D8-4513-BC27-F15F3BBC8A10}.Debug|Any CPU.ActiveCfg = Debug|Any CPU
		{5E811EBC-C5D8-4513-BC27-F15F3BBC8A10}.Debug|Any CPU.Build.0 = Debug|Any CPU
		{5E811EBC-C5D8-4513-BC27-F15F3BBC8A10}.Debug|iPhone.ActiveCfg = Debug|Any CPU
		{5E811EBC-C5D8-4513-BC27-F15F3BBC8A10}.Debug|iPhone.Build.0 = Debug|Any CPU
		{5E811EBC-C5D8-4513-BC27-F15F3BBC8A10}.Debug|iPhoneSimulator.ActiveCfg = Debug|Any CPU
		{5E811EBC-C5D8-4513-BC27-F15F3BBC8A10}.Debug|iPhoneSimulator.Build.0 = Debug|Any CPU
		{5E811EBC-C5D8-4513-BC27-F15F3BBC8A10}.Release|Any CPU.ActiveCfg = Release|Any CPU
		{5E811EBC-C5D8-4513-BC27-F15F3BBC8A10}.Release|Any CPU.Build.0 = Release|Any CPU
		{5E811EBC-C5D8-4513-BC27-F15F3BBC8A10}.Release|iPhone.ActiveCfg = Release|Any CPU
		{5E811EBC-C5D8-4513-BC27-F15F3BBC8A10}.Release|iPhone.Build.0 = Release|Any CPU
		{5E811EBC-C5D8-4513-BC27-F15F3BBC8A10}.Release|iPhoneSimulator.ActiveCfg = Release|Any CPU
		{5E811EBC-C5D8-4513-BC27-F15F3BBC8A10}.Release|iPhoneSimulator.Build.0 = Release|Any CPU
		{7C7174D8-9639-479F-84A7-104BCF8B2871}.Debug|Any CPU.ActiveCfg = Debug|Any CPU
		{7C7174D8-9639-479F-84A7-104BCF8B2871}.Debug|Any CPU.Build.0 = Debug|Any CPU
		{7C7174D8-9639-479F-84A7-104BCF8B2871}.Debug|iPhone.ActiveCfg = Debug|Any CPU
		{7C7174D8-9639-479F-84A7-104BCF8B2871}.Debug|iPhone.Build.0 = Debug|Any CPU
		{7C7174D8-9639-479F-84A7-104BCF8B2871}.Debug|iPhoneSimulator.ActiveCfg = Debug|Any CPU
		{7C7174D8-9639-479F-84A7-104BCF8B2871}.Debug|iPhoneSimulator.Build.0 = Debug|Any CPU
		{7C7174D8-9639-479F-84A7-104BCF8B2871}.Release|Any CPU.ActiveCfg = Release|Any CPU
		{7C7174D8-9639-479F-84A7-104BCF8B2871}.Release|Any CPU.Build.0 = Release|Any CPU
		{7C7174D8-9639-479F-84A7-104BCF8B2871}.Release|iPhone.ActiveCfg = Release|Any CPU
		{7C7174D8-9639-479F-84A7-104BCF8B2871}.Release|iPhone.Build.0 = Release|Any CPU
		{7C7174D8-9639-479F-84A7-104BCF8B2871}.Release|iPhoneSimulator.ActiveCfg = Release|Any CPU
		{7C7174D8-9639-479F-84A7-104BCF8B2871}.Release|iPhoneSimulator.Build.0 = Release|Any CPU
		{150F0643-A4F3-4150-9CB6-93C7512BFB1D}.Debug|Any CPU.ActiveCfg = Debug|Any CPU
		{150F0643-A4F3-4150-9CB6-93C7512BFB1D}.Debug|Any CPU.Build.0 = Debug|Any CPU
		{150F0643-A4F3-4150-9CB6-93C7512BFB1D}.Debug|iPhone.ActiveCfg = Debug|Any CPU
		{150F0643-A4F3-4150-9CB6-93C7512BFB1D}.Debug|iPhone.Build.0 = Debug|Any CPU
		{150F0643-A4F3-4150-9CB6-93C7512BFB1D}.Debug|iPhoneSimulator.ActiveCfg = Debug|Any CPU
		{150F0643-A4F3-4150-9CB6-93C7512BFB1D}.Debug|iPhoneSimulator.Build.0 = Debug|Any CPU
		{150F0643-A4F3-4150-9CB6-93C7512BFB1D}.Release|Any CPU.ActiveCfg = Release|Any CPU
		{150F0643-A4F3-4150-9CB6-93C7512BFB1D}.Release|Any CPU.Build.0 = Release|Any CPU
		{150F0643-A4F3-4150-9CB6-93C7512BFB1D}.Release|iPhone.ActiveCfg = Release|Any CPU
		{150F0643-A4F3-4150-9CB6-93C7512BFB1D}.Release|iPhone.Build.0 = Release|Any CPU
		{150F0643-A4F3-4150-9CB6-93C7512BFB1D}.Release|iPhoneSimulator.ActiveCfg = Release|Any CPU
		{150F0643-A4F3-4150-9CB6-93C7512BFB1D}.Release|iPhoneSimulator.Build.0 = Release|Any CPU
		{A4E11795-B56B-453B-B1A4-2A1723229471}.Debug|Any CPU.ActiveCfg = Debug|Any CPU
		{A4E11795-B56B-453B-B1A4-2A1723229471}.Debug|Any CPU.Build.0 = Debug|Any CPU
		{A4E11795-B56B-453B-B1A4-2A1723229471}.Debug|iPhone.ActiveCfg = Debug|Any CPU
		{A4E11795-B56B-453B-B1A4-2A1723229471}.Debug|iPhone.Build.0 = Debug|Any CPU
		{A4E11795-B56B-453B-B1A4-2A1723229471}.Debug|iPhoneSimulator.ActiveCfg = Debug|Any CPU
		{A4E11795-B56B-453B-B1A4-2A1723229471}.Debug|iPhoneSimulator.Build.0 = Debug|Any CPU
		{A4E11795-B56B-453B-B1A4-2A1723229471}.Release|Any CPU.ActiveCfg = Release|Any CPU
		{A4E11795-B56B-453B-B1A4-2A1723229471}.Release|Any CPU.Build.0 = Release|Any CPU
		{A4E11795-B56B-453B-B1A4-2A1723229471}.Release|iPhone.ActiveCfg = Release|Any CPU
		{A4E11795-B56B-453B-B1A4-2A1723229471}.Release|iPhone.Build.0 = Release|Any CPU
		{A4E11795-B56B-453B-B1A4-2A1723229471}.Release|iPhoneSimulator.ActiveCfg = Release|Any CPU
		{A4E11795-B56B-453B-B1A4-2A1723229471}.Release|iPhoneSimulator.Build.0 = Release|Any CPU
		{F8178B2B-A916-467E-8355-F5A0358BA23A}.Debug|Any CPU.ActiveCfg = Debug|Any CPU
		{F8178B2B-A916-467E-8355-F5A0358BA23A}.Debug|Any CPU.Build.0 = Debug|Any CPU
		{F8178B2B-A916-467E-8355-F5A0358BA23A}.Debug|iPhone.ActiveCfg = Debug|Any CPU
		{F8178B2B-A916-467E-8355-F5A0358BA23A}.Debug|iPhone.Build.0 = Debug|Any CPU
		{F8178B2B-A916-467E-8355-F5A0358BA23A}.Debug|iPhoneSimulator.ActiveCfg = Debug|Any CPU
		{F8178B2B-A916-467E-8355-F5A0358BA23A}.Debug|iPhoneSimulator.Build.0 = Debug|Any CPU
		{F8178B2B-A916-467E-8355-F5A0358BA23A}.Release|Any CPU.ActiveCfg = Release|Any CPU
		{F8178B2B-A916-467E-8355-F5A0358BA23A}.Release|Any CPU.Build.0 = Release|Any CPU
		{F8178B2B-A916-467E-8355-F5A0358BA23A}.Release|iPhone.ActiveCfg = Release|Any CPU
		{F8178B2B-A916-467E-8355-F5A0358BA23A}.Release|iPhone.Build.0 = Release|Any CPU
		{F8178B2B-A916-467E-8355-F5A0358BA23A}.Release|iPhoneSimulator.ActiveCfg = Release|Any CPU
		{F8178B2B-A916-467E-8355-F5A0358BA23A}.Release|iPhoneSimulator.Build.0 = Release|Any CPU
	EndGlobalSection
	GlobalSection(SolutionProperties) = preSolution
		HideSolutionNode = FALSE
	EndGlobalSection
	GlobalSection(NestedProjects) = preSolution
		{49CFF4B1-703F-48E9-9D74-08F3C0A3E3E2} = {32BAAD37-DF4A-4703-A24C-FD7A4ABF59DD}
		{BBFD4EB1-2F82-4FC2-BB5C-00364A399422} = {32BAAD37-DF4A-4703-A24C-FD7A4ABF59DD}
		{9E73E256-CD6B-44D4-B076-CBD5586BBB87} = {32BAAD37-DF4A-4703-A24C-FD7A4ABF59DD}
		{7C7174D8-9639-479F-84A7-104BCF8B2871} = {74889606-E9C6-4D4E-894B-DD40AC5FB088}
		{150F0643-A4F3-4150-9CB6-93C7512BFB1D} = {74889606-E9C6-4D4E-894B-DD40AC5FB088}
		{A4E11795-B56B-453B-B1A4-2A1723229471} = {74889606-E9C6-4D4E-894B-DD40AC5FB088}
		{F8178B2B-A916-467E-8355-F5A0358BA23A} = {74889606-E9C6-4D4E-894B-DD40AC5FB088}
	EndGlobalSection
	GlobalSection(ExtensibilityGlobals) = postSolution
		SolutionGuid = {0EEEB704-8CE2-467A-8758-E772AFB8FE38}
	EndGlobalSection
EndGlobal
