
Microsoft Visual Studio Solution File, Format Version 12.00
# Visual Studio Version 16
VisualStudioVersion = 16.0.30803.129
MinimumVisualStudioVersion = 10.0.40219.1
Project("{2150E333-8FDC-42A3-9474-1A3956D46DE8}") = "libs", "libs", "{32BAAD37-DF4A-4703-A24C-FD7A4ABF59DD}"
EndProject
Project("{FAE04EC0-301F-11D3-BF4B-00C04F79EFBC}") = "Demo.Android", "Demo\Demo.Android\Demo.Android.csproj", "{BA92F2CD-8A64-4C0E-8BC3-E15290794F34}"
EndProject
Project("{FAE04EC0-301F-11D3-BF4B-00C04F79EFBC}") = "Demo.iOS", "Demo\Demo.iOS\Demo.iOS.csproj", "{1D46C2C2-6972-4CB2-903B-66F9A9952315}"
EndProject
Project("{9A19103F-16F7-4668-BE54-9A1E7A4F7556}") = "Demo", "Demo\Demo\Demo.csproj", "{5E811EBC-C5D8-4513-BC27-F15F3BBC8A10}"
EndProject
Project("{2150E333-8FDC-42A3-9474-1A3956D46DE8}") = "alib", "alib", "{74889606-E9C6-4D4E-894B-DD40AC5FB088}"
EndProject
Project("{9A19103F-16F7-4668-BE54-9A1E7A4F7556}") = "HB.FullStack.Common", "..\HB.FullStack\src\HB.FullStack.Common\HB.FullStack.Common.csproj", "{7C7174D8-9639-479F-84A7-104BCF8B2871}"
EndProject
Project("{9A19103F-16F7-4668-BE54-9A1E7A4F7556}") = "HB.FullStack.Database.ClientExtension", "..\HB.FullStack\src\HB.FullStack.Database.ClientExtension\HB.FullStack.Database.ClientExtension.csproj", "{150F0643-A4F3-4150-9CB6-93C7512BFB1D}"
EndProject
Project("{9A19103F-16F7-4668-BE54-9A1E7A4F7556}") = "HB.Infrastructure.SQLite", "..\HB.FullStack\src\HB.Infrastructure.SQLite\HB.Infrastructure.SQLite.csproj", "{A4E11795-B56B-453B-B1A4-2A1723229471}"
EndProject
Project("{9A19103F-16F7-4668-BE54-9A1E7A4F7556}") = "HB.Infrastructure.IdGen", "..\HB.FullStack\src\HB.Infrastructure.IdGen\HB.Infrastructure.IdGen.csproj", "{F8178B2B-A916-467E-8355-F5A0358BA23A}"
EndProject
Project("{9A19103F-16F7-4668-BE54-9A1E7A4F7556}") = "HB.FullStack.XamarinForms", "..\HB.FullStack\src\mobile\HB.FullStack.XamarinForms\HB.FullStack.XamarinForms.csproj", "{80A6CB02-819B-4337-A8E4-A135B4AEC1D1}"
EndProject
Project("{FAE04EC0-301F-11D3-BF4B-00C04F79EFBC}") = "HB.FullStack.Droid", "..\HB.FullStack\src\mobile\HB.FullStack.Droid\HB.FullStack.Droid.csproj", "{66FB6311-FC0A-4823-8ECA-93E8C67AF424}"
EndProject
Project("{9A19103F-16F7-4668-BE54-9A1E7A4F7556}") = "HB.FullStack.Database", "..\HB.FullStack\src\HB.FullStack.Database\HB.FullStack.Database.csproj", "{3EC73235-C434-4C63-9D13-190F32E4E744}"
EndProject
Global
	GlobalSection(SolutionConfigurationPlatforms) = preSolution
		Debug|Any CPU = Debug|Any CPU
		Debug|ARM = Debug|ARM
		Debug|ARM64 = Debug|ARM64
		Debug|iPhone = Debug|iPhone
		Debug|iPhoneSimulator = Debug|iPhoneSimulator
		Debug|x64 = Debug|x64
		Debug|x86 = Debug|x86
		Release|Any CPU = Release|Any CPU
		Release|ARM = Release|ARM
		Release|ARM64 = Release|ARM64
		Release|iPhone = Release|iPhone
		Release|iPhoneSimulator = Release|iPhoneSimulator
		Release|x64 = Release|x64
		Release|x86 = Release|x86
	EndGlobalSection
	GlobalSection(ProjectConfigurationPlatforms) = postSolution
		{BA92F2CD-8A64-4C0E-8BC3-E15290794F34}.Debug|Any CPU.ActiveCfg = Debug|Any CPU
		{BA92F2CD-8A64-4C0E-8BC3-E15290794F34}.Debug|Any CPU.Build.0 = Debug|Any CPU
		{BA92F2CD-8A64-4C0E-8BC3-E15290794F34}.Debug|Any CPU.Deploy.0 = Debug|Any CPU
		{BA92F2CD-8A64-4C0E-8BC3-E15290794F34}.Debug|ARM.ActiveCfg = Debug|Any CPU
		{BA92F2CD-8A64-4C0E-8BC3-E15290794F34}.Debug|ARM.Build.0 = Debug|Any CPU
		{BA92F2CD-8A64-4C0E-8BC3-E15290794F34}.Debug|ARM.Deploy.0 = Debug|Any CPU
		{BA92F2CD-8A64-4C0E-8BC3-E15290794F34}.Debug|ARM64.ActiveCfg = Debug|Any CPU
		{BA92F2CD-8A64-4C0E-8BC3-E15290794F34}.Debug|ARM64.Build.0 = Debug|Any CPU
		{BA92F2CD-8A64-4C0E-8BC3-E15290794F34}.Debug|ARM64.Deploy.0 = Debug|Any CPU
		{BA92F2CD-8A64-4C0E-8BC3-E15290794F34}.Debug|iPhone.ActiveCfg = Debug|Any CPU
		{BA92F2CD-8A64-4C0E-8BC3-E15290794F34}.Debug|iPhone.Build.0 = Debug|Any CPU
		{BA92F2CD-8A64-4C0E-8BC3-E15290794F34}.Debug|iPhone.Deploy.0 = Debug|Any CPU
		{BA92F2CD-8A64-4C0E-8BC3-E15290794F34}.Debug|iPhoneSimulator.ActiveCfg = Debug|Any CPU
		{BA92F2CD-8A64-4C0E-8BC3-E15290794F34}.Debug|iPhoneSimulator.Build.0 = Debug|Any CPU
		{BA92F2CD-8A64-4C0E-8BC3-E15290794F34}.Debug|iPhoneSimulator.Deploy.0 = Debug|Any CPU
		{BA92F2CD-8A64-4C0E-8BC3-E15290794F34}.Debug|x64.ActiveCfg = Debug|Any CPU
		{BA92F2CD-8A64-4C0E-8BC3-E15290794F34}.Debug|x64.Build.0 = Debug|Any CPU
		{BA92F2CD-8A64-4C0E-8BC3-E15290794F34}.Debug|x64.Deploy.0 = Debug|Any CPU
		{BA92F2CD-8A64-4C0E-8BC3-E15290794F34}.Debug|x86.ActiveCfg = Debug|Any CPU
		{BA92F2CD-8A64-4C0E-8BC3-E15290794F34}.Debug|x86.Build.0 = Debug|Any CPU
		{BA92F2CD-8A64-4C0E-8BC3-E15290794F34}.Debug|x86.Deploy.0 = Debug|Any CPU
		{BA92F2CD-8A64-4C0E-8BC3-E15290794F34}.Release|Any CPU.ActiveCfg = Release|Any CPU
		{BA92F2CD-8A64-4C0E-8BC3-E15290794F34}.Release|Any CPU.Build.0 = Release|Any CPU
		{BA92F2CD-8A64-4C0E-8BC3-E15290794F34}.Release|Any CPU.Deploy.0 = Release|Any CPU
		{BA92F2CD-8A64-4C0E-8BC3-E15290794F34}.Release|ARM.ActiveCfg = Release|Any CPU
		{BA92F2CD-8A64-4C0E-8BC3-E15290794F34}.Release|ARM.Build.0 = Release|Any CPU
		{BA92F2CD-8A64-4C0E-8BC3-E15290794F34}.Release|ARM.Deploy.0 = Release|Any CPU
		{BA92F2CD-8A64-4C0E-8BC3-E15290794F34}.Release|ARM64.ActiveCfg = Release|Any CPU
		{BA92F2CD-8A64-4C0E-8BC3-E15290794F34}.Release|ARM64.Build.0 = Release|Any CPU
		{BA92F2CD-8A64-4C0E-8BC3-E15290794F34}.Release|ARM64.Deploy.0 = Release|Any CPU
		{BA92F2CD-8A64-4C0E-8BC3-E15290794F34}.Release|iPhone.ActiveCfg = Release|Any CPU
		{BA92F2CD-8A64-4C0E-8BC3-E15290794F34}.Release|iPhone.Build.0 = Release|Any CPU
		{BA92F2CD-8A64-4C0E-8BC3-E15290794F34}.Release|iPhone.Deploy.0 = Release|Any CPU
		{BA92F2CD-8A64-4C0E-8BC3-E15290794F34}.Release|iPhoneSimulator.ActiveCfg = Release|Any CPU
		{BA92F2CD-8A64-4C0E-8BC3-E15290794F34}.Release|iPhoneSimulator.Build.0 = Release|Any CPU
		{BA92F2CD-8A64-4C0E-8BC3-E15290794F34}.Release|iPhoneSimulator.Deploy.0 = Release|Any CPU
		{BA92F2CD-8A64-4C0E-8BC3-E15290794F34}.Release|x64.ActiveCfg = Release|Any CPU
		{BA92F2CD-8A64-4C0E-8BC3-E15290794F34}.Release|x64.Build.0 = Release|Any CPU
		{BA92F2CD-8A64-4C0E-8BC3-E15290794F34}.Release|x64.Deploy.0 = Release|Any CPU
		{BA92F2CD-8A64-4C0E-8BC3-E15290794F34}.Release|x86.ActiveCfg = Release|Any CPU
		{BA92F2CD-8A64-4C0E-8BC3-E15290794F34}.Release|x86.Build.0 = Release|Any CPU
		{BA92F2CD-8A64-4C0E-8BC3-E15290794F34}.Release|x86.Deploy.0 = Release|Any CPU
		{1D46C2C2-6972-4CB2-903B-66F9A9952315}.Debug|Any CPU.ActiveCfg = Debug|iPhoneSimulator
		{1D46C2C2-6972-4CB2-903B-66F9A9952315}.Debug|ARM.ActiveCfg = Debug|iPhone
		{1D46C2C2-6972-4CB2-903B-66F9A9952315}.Debug|ARM64.ActiveCfg = Debug|iPhone
		{1D46C2C2-6972-4CB2-903B-66F9A9952315}.Debug|iPhone.ActiveCfg = Debug|iPhone
		{1D46C2C2-6972-4CB2-903B-66F9A9952315}.Debug|iPhone.Build.0 = Debug|iPhone
		{1D46C2C2-6972-4CB2-903B-66F9A9952315}.Debug|iPhoneSimulator.ActiveCfg = Debug|iPhoneSimulator
		{1D46C2C2-6972-4CB2-903B-66F9A9952315}.Debug|iPhoneSimulator.Build.0 = Debug|iPhoneSimulator
		{1D46C2C2-6972-4CB2-903B-66F9A9952315}.Debug|x64.ActiveCfg = Debug|iPhone
		{1D46C2C2-6972-4CB2-903B-66F9A9952315}.Debug|x86.ActiveCfg = Debug|iPhone
		{1D46C2C2-6972-4CB2-903B-66F9A9952315}.Release|Any CPU.ActiveCfg = Release|iPhoneSimulator
		{1D46C2C2-6972-4CB2-903B-66F9A9952315}.Release|ARM.ActiveCfg = Release|iPhone
		{1D46C2C2-6972-4CB2-903B-66F9A9952315}.Release|ARM64.ActiveCfg = Release|iPhone
		{1D46C2C2-6972-4CB2-903B-66F9A9952315}.Release|iPhone.ActiveCfg = Release|iPhone
		{1D46C2C2-6972-4CB2-903B-66F9A9952315}.Release|iPhone.Build.0 = Release|iPhone
		{1D46C2C2-6972-4CB2-903B-66F9A9952315}.Release|iPhoneSimulator.ActiveCfg = Release|iPhoneSimulator
		{1D46C2C2-6972-4CB2-903B-66F9A9952315}.Release|iPhoneSimulator.Build.0 = Release|iPhoneSimulator
		{1D46C2C2-6972-4CB2-903B-66F9A9952315}.Release|x64.ActiveCfg = Release|iPhone
		{1D46C2C2-6972-4CB2-903B-66F9A9952315}.Release|x86.ActiveCfg = Release|iPhone
		{5E811EBC-C5D8-4513-BC27-F15F3BBC8A10}.Debug|Any CPU.ActiveCfg = Debug|Any CPU
		{5E811EBC-C5D8-4513-BC27-F15F3BBC8A10}.Debug|Any CPU.Build.0 = Debug|Any CPU
		{5E811EBC-C5D8-4513-BC27-F15F3BBC8A10}.Debug|ARM.ActiveCfg = Debug|Any CPU
		{5E811EBC-C5D8-4513-BC27-F15F3BBC8A10}.Debug|ARM.Build.0 = Debug|Any CPU
		{5E811EBC-C5D8-4513-BC27-F15F3BBC8A10}.Debug|ARM64.ActiveCfg = Debug|Any CPU
		{5E811EBC-C5D8-4513-BC27-F15F3BBC8A10}.Debug|ARM64.Build.0 = Debug|Any CPU
		{5E811EBC-C5D8-4513-BC27-F15F3BBC8A10}.Debug|iPhone.ActiveCfg = Debug|Any CPU
		{5E811EBC-C5D8-4513-BC27-F15F3BBC8A10}.Debug|iPhone.Build.0 = Debug|Any CPU
		{5E811EBC-C5D8-4513-BC27-F15F3BBC8A10}.Debug|iPhoneSimulator.ActiveCfg = Debug|Any CPU
		{5E811EBC-C5D8-4513-BC27-F15F3BBC8A10}.Debug|iPhoneSimulator.Build.0 = Debug|Any CPU
		{5E811EBC-C5D8-4513-BC27-F15F3BBC8A10}.Debug|x64.ActiveCfg = Debug|Any CPU
		{5E811EBC-C5D8-4513-BC27-F15F3BBC8A10}.Debug|x64.Build.0 = Debug|Any CPU
		{5E811EBC-C5D8-4513-BC27-F15F3BBC8A10}.Debug|x86.ActiveCfg = Debug|Any CPU
		{5E811EBC-C5D8-4513-BC27-F15F3BBC8A10}.Debug|x86.Build.0 = Debug|Any CPU
		{5E811EBC-C5D8-4513-BC27-F15F3BBC8A10}.Release|Any CPU.ActiveCfg = Release|Any CPU
		{5E811EBC-C5D8-4513-BC27-F15F3BBC8A10}.Release|Any CPU.Build.0 = Release|Any CPU
		{5E811EBC-C5D8-4513-BC27-F15F3BBC8A10}.Release|ARM.ActiveCfg = Release|Any CPU
		{5E811EBC-C5D8-4513-BC27-F15F3BBC8A10}.Release|ARM.Build.0 = Release|Any CPU
		{5E811EBC-C5D8-4513-BC27-F15F3BBC8A10}.Release|ARM64.ActiveCfg = Release|Any CPU
		{5E811EBC-C5D8-4513-BC27-F15F3BBC8A10}.Release|ARM64.Build.0 = Release|Any CPU
		{5E811EBC-C5D8-4513-BC27-F15F3BBC8A10}.Release|iPhone.ActiveCfg = Release|Any CPU
		{5E811EBC-C5D8-4513-BC27-F15F3BBC8A10}.Release|iPhone.Build.0 = Release|Any CPU
		{5E811EBC-C5D8-4513-BC27-F15F3BBC8A10}.Release|iPhoneSimulator.ActiveCfg = Release|Any CPU
		{5E811EBC-C5D8-4513-BC27-F15F3BBC8A10}.Release|iPhoneSimulator.Build.0 = Release|Any CPU
		{5E811EBC-C5D8-4513-BC27-F15F3BBC8A10}.Release|x64.ActiveCfg = Release|Any CPU
		{5E811EBC-C5D8-4513-BC27-F15F3BBC8A10}.Release|x64.Build.0 = Release|Any CPU
		{5E811EBC-C5D8-4513-BC27-F15F3BBC8A10}.Release|x86.ActiveCfg = Release|Any CPU
		{5E811EBC-C5D8-4513-BC27-F15F3BBC8A10}.Release|x86.Build.0 = Release|Any CPU
		{7C7174D8-9639-479F-84A7-104BCF8B2871}.Debug|Any CPU.ActiveCfg = Debug|Any CPU
		{7C7174D8-9639-479F-84A7-104BCF8B2871}.Debug|Any CPU.Build.0 = Debug|Any CPU
		{7C7174D8-9639-479F-84A7-104BCF8B2871}.Debug|ARM.ActiveCfg = Debug|Any CPU
		{7C7174D8-9639-479F-84A7-104BCF8B2871}.Debug|ARM.Build.0 = Debug|Any CPU
		{7C7174D8-9639-479F-84A7-104BCF8B2871}.Debug|ARM64.ActiveCfg = Debug|Any CPU
		{7C7174D8-9639-479F-84A7-104BCF8B2871}.Debug|ARM64.Build.0 = Debug|Any CPU
		{7C7174D8-9639-479F-84A7-104BCF8B2871}.Debug|iPhone.ActiveCfg = Debug|Any CPU
		{7C7174D8-9639-479F-84A7-104BCF8B2871}.Debug|iPhone.Build.0 = Debug|Any CPU
		{7C7174D8-9639-479F-84A7-104BCF8B2871}.Debug|iPhoneSimulator.ActiveCfg = Debug|Any CPU
		{7C7174D8-9639-479F-84A7-104BCF8B2871}.Debug|iPhoneSimulator.Build.0 = Debug|Any CPU
		{7C7174D8-9639-479F-84A7-104BCF8B2871}.Debug|x64.ActiveCfg = Debug|Any CPU
		{7C7174D8-9639-479F-84A7-104BCF8B2871}.Debug|x64.Build.0 = Debug|Any CPU
		{7C7174D8-9639-479F-84A7-104BCF8B2871}.Debug|x86.ActiveCfg = Debug|Any CPU
		{7C7174D8-9639-479F-84A7-104BCF8B2871}.Debug|x86.Build.0 = Debug|Any CPU
		{7C7174D8-9639-479F-84A7-104BCF8B2871}.Release|Any CPU.ActiveCfg = Release|Any CPU
		{7C7174D8-9639-479F-84A7-104BCF8B2871}.Release|Any CPU.Build.0 = Release|Any CPU
		{7C7174D8-9639-479F-84A7-104BCF8B2871}.Release|ARM.ActiveCfg = Release|Any CPU
		{7C7174D8-9639-479F-84A7-104BCF8B2871}.Release|ARM.Build.0 = Release|Any CPU
		{7C7174D8-9639-479F-84A7-104BCF8B2871}.Release|ARM64.ActiveCfg = Release|Any CPU
		{7C7174D8-9639-479F-84A7-104BCF8B2871}.Release|ARM64.Build.0 = Release|Any CPU
		{7C7174D8-9639-479F-84A7-104BCF8B2871}.Release|iPhone.ActiveCfg = Release|Any CPU
		{7C7174D8-9639-479F-84A7-104BCF8B2871}.Release|iPhone.Build.0 = Release|Any CPU
		{7C7174D8-9639-479F-84A7-104BCF8B2871}.Release|iPhoneSimulator.ActiveCfg = Release|Any CPU
		{7C7174D8-9639-479F-84A7-104BCF8B2871}.Release|iPhoneSimulator.Build.0 = Release|Any CPU
		{7C7174D8-9639-479F-84A7-104BCF8B2871}.Release|x64.ActiveCfg = Release|Any CPU
		{7C7174D8-9639-479F-84A7-104BCF8B2871}.Release|x64.Build.0 = Release|Any CPU
		{7C7174D8-9639-479F-84A7-104BCF8B2871}.Release|x86.ActiveCfg = Release|Any CPU
		{7C7174D8-9639-479F-84A7-104BCF8B2871}.Release|x86.Build.0 = Release|Any CPU
		{150F0643-A4F3-4150-9CB6-93C7512BFB1D}.Debug|Any CPU.ActiveCfg = Debug|Any CPU
		{150F0643-A4F3-4150-9CB6-93C7512BFB1D}.Debug|Any CPU.Build.0 = Debug|Any CPU
		{150F0643-A4F3-4150-9CB6-93C7512BFB1D}.Debug|ARM.ActiveCfg = Debug|Any CPU
		{150F0643-A4F3-4150-9CB6-93C7512BFB1D}.Debug|ARM.Build.0 = Debug|Any CPU
		{150F0643-A4F3-4150-9CB6-93C7512BFB1D}.Debug|ARM64.ActiveCfg = Debug|Any CPU
		{150F0643-A4F3-4150-9CB6-93C7512BFB1D}.Debug|ARM64.Build.0 = Debug|Any CPU
		{150F0643-A4F3-4150-9CB6-93C7512BFB1D}.Debug|iPhone.ActiveCfg = Debug|Any CPU
		{150F0643-A4F3-4150-9CB6-93C7512BFB1D}.Debug|iPhone.Build.0 = Debug|Any CPU
		{150F0643-A4F3-4150-9CB6-93C7512BFB1D}.Debug|iPhoneSimulator.ActiveCfg = Debug|Any CPU
		{150F0643-A4F3-4150-9CB6-93C7512BFB1D}.Debug|iPhoneSimulator.Build.0 = Debug|Any CPU
		{150F0643-A4F3-4150-9CB6-93C7512BFB1D}.Debug|x64.ActiveCfg = Debug|Any CPU
		{150F0643-A4F3-4150-9CB6-93C7512BFB1D}.Debug|x64.Build.0 = Debug|Any CPU
		{150F0643-A4F3-4150-9CB6-93C7512BFB1D}.Debug|x86.ActiveCfg = Debug|Any CPU
		{150F0643-A4F3-4150-9CB6-93C7512BFB1D}.Debug|x86.Build.0 = Debug|Any CPU
		{150F0643-A4F3-4150-9CB6-93C7512BFB1D}.Release|Any CPU.ActiveCfg = Release|Any CPU
		{150F0643-A4F3-4150-9CB6-93C7512BFB1D}.Release|Any CPU.Build.0 = Release|Any CPU
		{150F0643-A4F3-4150-9CB6-93C7512BFB1D}.Release|ARM.ActiveCfg = Release|Any CPU
		{150F0643-A4F3-4150-9CB6-93C7512BFB1D}.Release|ARM.Build.0 = Release|Any CPU
		{150F0643-A4F3-4150-9CB6-93C7512BFB1D}.Release|ARM64.ActiveCfg = Release|Any CPU
		{150F0643-A4F3-4150-9CB6-93C7512BFB1D}.Release|ARM64.Build.0 = Release|Any CPU
		{150F0643-A4F3-4150-9CB6-93C7512BFB1D}.Release|iPhone.ActiveCfg = Release|Any CPU
		{150F0643-A4F3-4150-9CB6-93C7512BFB1D}.Release|iPhone.Build.0 = Release|Any CPU
		{150F0643-A4F3-4150-9CB6-93C7512BFB1D}.Release|iPhoneSimulator.ActiveCfg = Release|Any CPU
		{150F0643-A4F3-4150-9CB6-93C7512BFB1D}.Release|iPhoneSimulator.Build.0 = Release|Any CPU
		{150F0643-A4F3-4150-9CB6-93C7512BFB1D}.Release|x64.ActiveCfg = Release|Any CPU
		{150F0643-A4F3-4150-9CB6-93C7512BFB1D}.Release|x64.Build.0 = Release|Any CPU
		{150F0643-A4F3-4150-9CB6-93C7512BFB1D}.Release|x86.ActiveCfg = Release|Any CPU
		{150F0643-A4F3-4150-9CB6-93C7512BFB1D}.Release|x86.Build.0 = Release|Any CPU
		{A4E11795-B56B-453B-B1A4-2A1723229471}.Debug|Any CPU.ActiveCfg = Debug|Any CPU
		{A4E11795-B56B-453B-B1A4-2A1723229471}.Debug|Any CPU.Build.0 = Debug|Any CPU
		{A4E11795-B56B-453B-B1A4-2A1723229471}.Debug|ARM.ActiveCfg = Debug|Any CPU
		{A4E11795-B56B-453B-B1A4-2A1723229471}.Debug|ARM.Build.0 = Debug|Any CPU
		{A4E11795-B56B-453B-B1A4-2A1723229471}.Debug|ARM64.ActiveCfg = Debug|Any CPU
		{A4E11795-B56B-453B-B1A4-2A1723229471}.Debug|ARM64.Build.0 = Debug|Any CPU
		{A4E11795-B56B-453B-B1A4-2A1723229471}.Debug|iPhone.ActiveCfg = Debug|Any CPU
		{A4E11795-B56B-453B-B1A4-2A1723229471}.Debug|iPhone.Build.0 = Debug|Any CPU
		{A4E11795-B56B-453B-B1A4-2A1723229471}.Debug|iPhoneSimulator.ActiveCfg = Debug|Any CPU
		{A4E11795-B56B-453B-B1A4-2A1723229471}.Debug|iPhoneSimulator.Build.0 = Debug|Any CPU
		{A4E11795-B56B-453B-B1A4-2A1723229471}.Debug|x64.ActiveCfg = Debug|Any CPU
		{A4E11795-B56B-453B-B1A4-2A1723229471}.Debug|x64.Build.0 = Debug|Any CPU
		{A4E11795-B56B-453B-B1A4-2A1723229471}.Debug|x86.ActiveCfg = Debug|Any CPU
		{A4E11795-B56B-453B-B1A4-2A1723229471}.Debug|x86.Build.0 = Debug|Any CPU
		{A4E11795-B56B-453B-B1A4-2A1723229471}.Release|Any CPU.ActiveCfg = Release|Any CPU
		{A4E11795-B56B-453B-B1A4-2A1723229471}.Release|Any CPU.Build.0 = Release|Any CPU
		{A4E11795-B56B-453B-B1A4-2A1723229471}.Release|ARM.ActiveCfg = Release|Any CPU
		{A4E11795-B56B-453B-B1A4-2A1723229471}.Release|ARM.Build.0 = Release|Any CPU
		{A4E11795-B56B-453B-B1A4-2A1723229471}.Release|ARM64.ActiveCfg = Release|Any CPU
		{A4E11795-B56B-453B-B1A4-2A1723229471}.Release|ARM64.Build.0 = Release|Any CPU
		{A4E11795-B56B-453B-B1A4-2A1723229471}.Release|iPhone.ActiveCfg = Release|Any CPU
		{A4E11795-B56B-453B-B1A4-2A1723229471}.Release|iPhone.Build.0 = Release|Any CPU
		{A4E11795-B56B-453B-B1A4-2A1723229471}.Release|iPhoneSimulator.ActiveCfg = Release|Any CPU
		{A4E11795-B56B-453B-B1A4-2A1723229471}.Release|iPhoneSimulator.Build.0 = Release|Any CPU
		{A4E11795-B56B-453B-B1A4-2A1723229471}.Release|x64.ActiveCfg = Release|Any CPU
		{A4E11795-B56B-453B-B1A4-2A1723229471}.Release|x64.Build.0 = Release|Any CPU
		{A4E11795-B56B-453B-B1A4-2A1723229471}.Release|x86.ActiveCfg = Release|Any CPU
		{A4E11795-B56B-453B-B1A4-2A1723229471}.Release|x86.Build.0 = Release|Any CPU
		{F8178B2B-A916-467E-8355-F5A0358BA23A}.Debug|Any CPU.ActiveCfg = Debug|Any CPU
		{F8178B2B-A916-467E-8355-F5A0358BA23A}.Debug|Any CPU.Build.0 = Debug|Any CPU
		{F8178B2B-A916-467E-8355-F5A0358BA23A}.Debug|ARM.ActiveCfg = Debug|Any CPU
		{F8178B2B-A916-467E-8355-F5A0358BA23A}.Debug|ARM.Build.0 = Debug|Any CPU
		{F8178B2B-A916-467E-8355-F5A0358BA23A}.Debug|ARM64.ActiveCfg = Debug|Any CPU
		{F8178B2B-A916-467E-8355-F5A0358BA23A}.Debug|ARM64.Build.0 = Debug|Any CPU
		{F8178B2B-A916-467E-8355-F5A0358BA23A}.Debug|iPhone.ActiveCfg = Debug|Any CPU
		{F8178B2B-A916-467E-8355-F5A0358BA23A}.Debug|iPhone.Build.0 = Debug|Any CPU
		{F8178B2B-A916-467E-8355-F5A0358BA23A}.Debug|iPhoneSimulator.ActiveCfg = Debug|Any CPU
		{F8178B2B-A916-467E-8355-F5A0358BA23A}.Debug|iPhoneSimulator.Build.0 = Debug|Any CPU
		{F8178B2B-A916-467E-8355-F5A0358BA23A}.Debug|x64.ActiveCfg = Debug|Any CPU
		{F8178B2B-A916-467E-8355-F5A0358BA23A}.Debug|x64.Build.0 = Debug|Any CPU
		{F8178B2B-A916-467E-8355-F5A0358BA23A}.Debug|x86.ActiveCfg = Debug|Any CPU
		{F8178B2B-A916-467E-8355-F5A0358BA23A}.Debug|x86.Build.0 = Debug|Any CPU
		{F8178B2B-A916-467E-8355-F5A0358BA23A}.Release|Any CPU.ActiveCfg = Release|Any CPU
		{F8178B2B-A916-467E-8355-F5A0358BA23A}.Release|Any CPU.Build.0 = Release|Any CPU
		{F8178B2B-A916-467E-8355-F5A0358BA23A}.Release|ARM.ActiveCfg = Release|Any CPU
		{F8178B2B-A916-467E-8355-F5A0358BA23A}.Release|ARM.Build.0 = Release|Any CPU
		{F8178B2B-A916-467E-8355-F5A0358BA23A}.Release|ARM64.ActiveCfg = Release|Any CPU
		{F8178B2B-A916-467E-8355-F5A0358BA23A}.Release|ARM64.Build.0 = Release|Any CPU
		{F8178B2B-A916-467E-8355-F5A0358BA23A}.Release|iPhone.ActiveCfg = Release|Any CPU
		{F8178B2B-A916-467E-8355-F5A0358BA23A}.Release|iPhone.Build.0 = Release|Any CPU
		{F8178B2B-A916-467E-8355-F5A0358BA23A}.Release|iPhoneSimulator.ActiveCfg = Release|Any CPU
		{F8178B2B-A916-467E-8355-F5A0358BA23A}.Release|iPhoneSimulator.Build.0 = Release|Any CPU
		{F8178B2B-A916-467E-8355-F5A0358BA23A}.Release|x64.ActiveCfg = Release|Any CPU
		{F8178B2B-A916-467E-8355-F5A0358BA23A}.Release|x64.Build.0 = Release|Any CPU
		{F8178B2B-A916-467E-8355-F5A0358BA23A}.Release|x86.ActiveCfg = Release|Any CPU
		{F8178B2B-A916-467E-8355-F5A0358BA23A}.Release|x86.Build.0 = Release|Any CPU
		{80A6CB02-819B-4337-A8E4-A135B4AEC1D1}.Debug|Any CPU.ActiveCfg = Debug|Any CPU
		{80A6CB02-819B-4337-A8E4-A135B4AEC1D1}.Debug|Any CPU.Build.0 = Debug|Any CPU
		{80A6CB02-819B-4337-A8E4-A135B4AEC1D1}.Debug|ARM.ActiveCfg = Debug|Any CPU
		{80A6CB02-819B-4337-A8E4-A135B4AEC1D1}.Debug|ARM.Build.0 = Debug|Any CPU
		{80A6CB02-819B-4337-A8E4-A135B4AEC1D1}.Debug|ARM64.ActiveCfg = Debug|Any CPU
		{80A6CB02-819B-4337-A8E4-A135B4AEC1D1}.Debug|ARM64.Build.0 = Debug|Any CPU
		{80A6CB02-819B-4337-A8E4-A135B4AEC1D1}.Debug|iPhone.ActiveCfg = Debug|Any CPU
		{80A6CB02-819B-4337-A8E4-A135B4AEC1D1}.Debug|iPhone.Build.0 = Debug|Any CPU
		{80A6CB02-819B-4337-A8E4-A135B4AEC1D1}.Debug|iPhoneSimulator.ActiveCfg = Debug|Any CPU
		{80A6CB02-819B-4337-A8E4-A135B4AEC1D1}.Debug|iPhoneSimulator.Build.0 = Debug|Any CPU
		{80A6CB02-819B-4337-A8E4-A135B4AEC1D1}.Debug|x64.ActiveCfg = Debug|Any CPU
		{80A6CB02-819B-4337-A8E4-A135B4AEC1D1}.Debug|x64.Build.0 = Debug|Any CPU
		{80A6CB02-819B-4337-A8E4-A135B4AEC1D1}.Debug|x86.ActiveCfg = Debug|Any CPU
		{80A6CB02-819B-4337-A8E4-A135B4AEC1D1}.Debug|x86.Build.0 = Debug|Any CPU
		{80A6CB02-819B-4337-A8E4-A135B4AEC1D1}.Release|Any CPU.ActiveCfg = Release|Any CPU
		{80A6CB02-819B-4337-A8E4-A135B4AEC1D1}.Release|Any CPU.Build.0 = Release|Any CPU
		{80A6CB02-819B-4337-A8E4-A135B4AEC1D1}.Release|ARM.ActiveCfg = Release|Any CPU
		{80A6CB02-819B-4337-A8E4-A135B4AEC1D1}.Release|ARM.Build.0 = Release|Any CPU
		{80A6CB02-819B-4337-A8E4-A135B4AEC1D1}.Release|ARM64.ActiveCfg = Release|Any CPU
		{80A6CB02-819B-4337-A8E4-A135B4AEC1D1}.Release|ARM64.Build.0 = Release|Any CPU
		{80A6CB02-819B-4337-A8E4-A135B4AEC1D1}.Release|iPhone.ActiveCfg = Release|Any CPU
		{80A6CB02-819B-4337-A8E4-A135B4AEC1D1}.Release|iPhone.Build.0 = Release|Any CPU
		{80A6CB02-819B-4337-A8E4-A135B4AEC1D1}.Release|iPhoneSimulator.ActiveCfg = Release|Any CPU
		{80A6CB02-819B-4337-A8E4-A135B4AEC1D1}.Release|iPhoneSimulator.Build.0 = Release|Any CPU
		{80A6CB02-819B-4337-A8E4-A135B4AEC1D1}.Release|x64.ActiveCfg = Release|Any CPU
		{80A6CB02-819B-4337-A8E4-A135B4AEC1D1}.Release|x64.Build.0 = Release|Any CPU
		{80A6CB02-819B-4337-A8E4-A135B4AEC1D1}.Release|x86.ActiveCfg = Release|Any CPU
		{80A6CB02-819B-4337-A8E4-A135B4AEC1D1}.Release|x86.Build.0 = Release|Any CPU
		{66FB6311-FC0A-4823-8ECA-93E8C67AF424}.Debug|Any CPU.ActiveCfg = Debug|Any CPU
		{66FB6311-FC0A-4823-8ECA-93E8C67AF424}.Debug|Any CPU.Build.0 = Debug|Any CPU
		{66FB6311-FC0A-4823-8ECA-93E8C67AF424}.Debug|ARM.ActiveCfg = Debug|Any CPU
		{66FB6311-FC0A-4823-8ECA-93E8C67AF424}.Debug|ARM.Build.0 = Debug|Any CPU
		{66FB6311-FC0A-4823-8ECA-93E8C67AF424}.Debug|ARM64.ActiveCfg = Debug|Any CPU
		{66FB6311-FC0A-4823-8ECA-93E8C67AF424}.Debug|ARM64.Build.0 = Debug|Any CPU
		{66FB6311-FC0A-4823-8ECA-93E8C67AF424}.Debug|iPhone.ActiveCfg = Debug|Any CPU
		{66FB6311-FC0A-4823-8ECA-93E8C67AF424}.Debug|iPhone.Build.0 = Debug|Any CPU
		{66FB6311-FC0A-4823-8ECA-93E8C67AF424}.Debug|iPhoneSimulator.ActiveCfg = Debug|Any CPU
		{66FB6311-FC0A-4823-8ECA-93E8C67AF424}.Debug|iPhoneSimulator.Build.0 = Debug|Any CPU
		{66FB6311-FC0A-4823-8ECA-93E8C67AF424}.Debug|x64.ActiveCfg = Debug|Any CPU
		{66FB6311-FC0A-4823-8ECA-93E8C67AF424}.Debug|x64.Build.0 = Debug|Any CPU
		{66FB6311-FC0A-4823-8ECA-93E8C67AF424}.Debug|x86.ActiveCfg = Debug|Any CPU
		{66FB6311-FC0A-4823-8ECA-93E8C67AF424}.Debug|x86.Build.0 = Debug|Any CPU
		{66FB6311-FC0A-4823-8ECA-93E8C67AF424}.Release|Any CPU.ActiveCfg = Release|Any CPU
		{66FB6311-FC0A-4823-8ECA-93E8C67AF424}.Release|Any CPU.Build.0 = Release|Any CPU
		{66FB6311-FC0A-4823-8ECA-93E8C67AF424}.Release|ARM.ActiveCfg = Release|Any CPU
		{66FB6311-FC0A-4823-8ECA-93E8C67AF424}.Release|ARM.Build.0 = Release|Any CPU
		{66FB6311-FC0A-4823-8ECA-93E8C67AF424}.Release|ARM64.ActiveCfg = Release|Any CPU
		{66FB6311-FC0A-4823-8ECA-93E8C67AF424}.Release|ARM64.Build.0 = Release|Any CPU
		{66FB6311-FC0A-4823-8ECA-93E8C67AF424}.Release|iPhone.ActiveCfg = Release|Any CPU
		{66FB6311-FC0A-4823-8ECA-93E8C67AF424}.Release|iPhone.Build.0 = Release|Any CPU
		{66FB6311-FC0A-4823-8ECA-93E8C67AF424}.Release|iPhoneSimulator.ActiveCfg = Release|Any CPU
		{66FB6311-FC0A-4823-8ECA-93E8C67AF424}.Release|iPhoneSimulator.Build.0 = Release|Any CPU
		{66FB6311-FC0A-4823-8ECA-93E8C67AF424}.Release|x64.ActiveCfg = Release|Any CPU
		{66FB6311-FC0A-4823-8ECA-93E8C67AF424}.Release|x64.Build.0 = Release|Any CPU
		{66FB6311-FC0A-4823-8ECA-93E8C67AF424}.Release|x86.ActiveCfg = Release|Any CPU
		{66FB6311-FC0A-4823-8ECA-93E8C67AF424}.Release|x86.Build.0 = Release|Any CPU
		{3EC73235-C434-4C63-9D13-190F32E4E744}.Debug|Any CPU.ActiveCfg = Debug|Any CPU
		{3EC73235-C434-4C63-9D13-190F32E4E744}.Debug|Any CPU.Build.0 = Debug|Any CPU
		{3EC73235-C434-4C63-9D13-190F32E4E744}.Debug|ARM.ActiveCfg = Debug|Any CPU
		{3EC73235-C434-4C63-9D13-190F32E4E744}.Debug|ARM.Build.0 = Debug|Any CPU
		{3EC73235-C434-4C63-9D13-190F32E4E744}.Debug|ARM64.ActiveCfg = Debug|Any CPU
		{3EC73235-C434-4C63-9D13-190F32E4E744}.Debug|ARM64.Build.0 = Debug|Any CPU
		{3EC73235-C434-4C63-9D13-190F32E4E744}.Debug|iPhone.ActiveCfg = Debug|Any CPU
		{3EC73235-C434-4C63-9D13-190F32E4E744}.Debug|iPhone.Build.0 = Debug|Any CPU
		{3EC73235-C434-4C63-9D13-190F32E4E744}.Debug|iPhoneSimulator.ActiveCfg = Debug|Any CPU
		{3EC73235-C434-4C63-9D13-190F32E4E744}.Debug|iPhoneSimulator.Build.0 = Debug|Any CPU
		{3EC73235-C434-4C63-9D13-190F32E4E744}.Debug|x64.ActiveCfg = Debug|Any CPU
		{3EC73235-C434-4C63-9D13-190F32E4E744}.Debug|x64.Build.0 = Debug|Any CPU
		{3EC73235-C434-4C63-9D13-190F32E4E744}.Debug|x86.ActiveCfg = Debug|Any CPU
		{3EC73235-C434-4C63-9D13-190F32E4E744}.Debug|x86.Build.0 = Debug|Any CPU
		{3EC73235-C434-4C63-9D13-190F32E4E744}.Release|Any CPU.ActiveCfg = Release|Any CPU
		{3EC73235-C434-4C63-9D13-190F32E4E744}.Release|Any CPU.Build.0 = Release|Any CPU
		{3EC73235-C434-4C63-9D13-190F32E4E744}.Release|ARM.ActiveCfg = Release|Any CPU
		{3EC73235-C434-4C63-9D13-190F32E4E744}.Release|ARM.Build.0 = Release|Any CPU
		{3EC73235-C434-4C63-9D13-190F32E4E744}.Release|ARM64.ActiveCfg = Release|Any CPU
		{3EC73235-C434-4C63-9D13-190F32E4E744}.Release|ARM64.Build.0 = Release|Any CPU
		{3EC73235-C434-4C63-9D13-190F32E4E744}.Release|iPhone.ActiveCfg = Release|Any CPU
		{3EC73235-C434-4C63-9D13-190F32E4E744}.Release|iPhone.Build.0 = Release|Any CPU
		{3EC73235-C434-4C63-9D13-190F32E4E744}.Release|iPhoneSimulator.ActiveCfg = Release|Any CPU
		{3EC73235-C434-4C63-9D13-190F32E4E744}.Release|iPhoneSimulator.Build.0 = Release|Any CPU
		{3EC73235-C434-4C63-9D13-190F32E4E744}.Release|x64.ActiveCfg = Release|Any CPU
		{3EC73235-C434-4C63-9D13-190F32E4E744}.Release|x64.Build.0 = Release|Any CPU
		{3EC73235-C434-4C63-9D13-190F32E4E744}.Release|x86.ActiveCfg = Release|Any CPU
		{3EC73235-C434-4C63-9D13-190F32E4E744}.Release|x86.Build.0 = Release|Any CPU
	EndGlobalSection
	GlobalSection(SolutionProperties) = preSolution
		HideSolutionNode = FALSE
	EndGlobalSection
	GlobalSection(NestedProjects) = preSolution
		{7C7174D8-9639-479F-84A7-104BCF8B2871} = {74889606-E9C6-4D4E-894B-DD40AC5FB088}
		{150F0643-A4F3-4150-9CB6-93C7512BFB1D} = {74889606-E9C6-4D4E-894B-DD40AC5FB088}
		{A4E11795-B56B-453B-B1A4-2A1723229471} = {74889606-E9C6-4D4E-894B-DD40AC5FB088}
		{F8178B2B-A916-467E-8355-F5A0358BA23A} = {74889606-E9C6-4D4E-894B-DD40AC5FB088}
		{80A6CB02-819B-4337-A8E4-A135B4AEC1D1} = {32BAAD37-DF4A-4703-A24C-FD7A4ABF59DD}
		{66FB6311-FC0A-4823-8ECA-93E8C67AF424} = {32BAAD37-DF4A-4703-A24C-FD7A4ABF59DD}
		{3EC73235-C434-4C63-9D13-190F32E4E744} = {74889606-E9C6-4D4E-894B-DD40AC5FB088}
	EndGlobalSection
	GlobalSection(ExtensibilityGlobals) = postSolution
		SolutionGuid = {0EEEB704-8CE2-467A-8758-E772AFB8FE38}
	EndGlobalSection
EndGlobal
